{
  "name": "dockerlog-server",
  "version": "1.0.0",
  "lockfileVersion": 1,
  "requires": true,
  "dependencies": {
    "syslog-server": {
      "version": "1.0.1",
      "resolved": "https://registry.npmjs.org/syslog-server/-/syslog-server-1.0.1.tgz",
      "integrity": "sha512-glm2z2dsewPUIpKnc9OQkUnQMNY+NsZT324bypMokAnwpWgb9/kzqq6p+Fsj3v0xlC+G3ubM70X/vzYPy1Yx6Q=="
    }
  }
}
